
Microsoft Visual Studio Solution File, Format Version 12.00
Project("{FAE04EC0-301F-11D3-BF4B-00C04F79EFBC}") = "AtmosphericCalculator", "AtmosphericCalculator\AtmosphericCalculator.csproj", "{5611EBD8-E372-475E-B083-EFA225DD6872}"
EndProject
Global
	GlobalSection(SolutionConfigurationPlatforms) = preSolution
		Debug|Any CPU = Debug|Any CPU
		Release|Any CPU = Release|Any CPU
	EndGlobalSection
	GlobalSection(ProjectConfigurationPlatforms) = postSolution
		{5611EBD8-E372-475E-B083-EFA225DD6872}.Debug|Any CPU.ActiveCfg = Debug|Any CPU
		{5611EBD8-E372-475E-B083-EFA225DD6872}.Debug|Any CPU.Build.0 = Debug|Any CPU
		{5611EBD8-E372-475E-B083-EFA225DD6872}.Release|Any CPU.ActiveCfg = Release|Any CPU
		{5611EBD8-E372-475E-B083-EFA225DD6872}.Release|Any CPU.Build.0 = Release|Any CPU
	EndGlobalSection
EndGlobal
